// !$*UTF8*$!
{
	archiveVersion = 1;
	classes = {
	};
	objectVersion = 46;
	objects = {

/* Begin PBXBuildFile section */
		999555831B13ABDB007834CB /* AppDelegate.swift in Sources */ = {isa = PBXBuildFile; fileRef = 999555821B13ABDB007834CB /* AppDelegate.swift */; };
		999555851B13ABDB007834CB /* ViewController.swift in Sources */ = {isa = PBXBuildFile; fileRef = 999555841B13ABDB007834CB /* ViewController.swift */; };
		999555881B13ABDB007834CB /* Main.storyboard in Resources */ = {isa = PBXBuildFile; fileRef = 999555861B13ABDB007834CB /* Main.storyboard */; };
		9995558A1B13ABDB007834CB /* Images.xcassets in Resources */ = {isa = PBXBuildFile; fileRef = 999555891B13ABDB007834CB /* Images.xcassets */; };
		9995558D1B13ABDB007834CB /* LaunchScreen.xib in Resources */ = {isa = PBXBuildFile; fileRef = 9995558B1B13ABDB007834CB /* LaunchScreen.xib */; };
		999555991B13ABDB007834CB /* AdaptiveWeatherTests.swift in Sources */ = {isa = PBXBuildFile; fileRef = 999555981B13ABDB007834CB /* AdaptiveWeatherTests.swift */; };
/* End PBXBuildFile section */

/* Begin PBXContainerItemProxy section */
		999555931B13ABDB007834CB /* PBXContainerItemProxy */ = {
			isa = PBXContainerItemProxy;
			containerPortal = 999555751B13ABDB007834CB /* Project object */;
			proxyType = 1;
			remoteGlobalIDString = 9995557C1B13ABDB007834CB;
			remoteInfo = AdaptiveWeather;
		};
/* End PBXContainerItemProxy section */

/* Begin PBXFileReference section */
		9995557D1B13ABDB007834CB /* AdaptiveWeather.app */ = {isa = PBXFileReference; explicitFileType = wrapper.application; includeInIndex = 0; path = AdaptiveWeather.app; sourceTree = BUILT_PRODUCTS_DIR; };
		999555811B13ABDB007834CB /* Info.plist */ = {isa = PBXFileReference; lastKnownFileType = text.plist.xml; path = Info.plist; sourceTree = "<group>"; };
		999555821B13ABDB007834CB /* AppDelegate.swift */ = {isa = PBXFileReference; lastKnownFileType = sourcecode.swift; path = AppDelegate.swift; sourceTree = "<group>"; };
		999555841B13ABDB007834CB /* ViewController.swift */ = {isa = PBXFileReference; lastKnownFileType = sourcecode.swift; path = ViewController.swift; sourceTree = "<group>"; };
		999555871B13ABDB007834CB /* Base */ = {isa = PBXFileReference; lastKnownFileType = file.storyboard; name = Base; path = Base.lproj/Main.storyboard; sourceTree = "<group>"; };
		999555891B13ABDB007834CB /* Images.xcassets */ = {isa = PBXFileReference; lastKnownFileType = folder.assetcatalog; path = Images.xcassets; sourceTree = "<group>"; };
		9995558C1B13ABDB007834CB /* Base */ = {isa = PBXFileReference; lastKnownFileType = file.xib; name = Base; path = Base.lproj/LaunchScreen.xib; sourceTree = "<group>"; };
		999555921B13ABDB007834CB /* AdaptiveWeatherTests.xctest */ = {isa = PBXFileReference; explicitFileType = wrapper.cfbundle; includeInIndex = 0; path = AdaptiveWeatherTests.xctest; sourceTree = BUILT_PRODUCTS_DIR; };
		999555971B13ABDB007834CB /* Info.plist */ = {isa = PBXFileReference; lastKnownFileType = text.plist.xml; path = Info.plist; sourceTree = "<group>"; };
		999555981B13ABDB007834CB /* AdaptiveWeatherTests.swift */ = {isa = PBXFileReference; lastKnownFileType = sourcecode.swift; path = AdaptiveWeatherTests.swift; sourceTree = "<group>"; };
/* End PBXFileReference section */

/* Begin PBXFrameworksBuildPhase section */
		9995557A1B13ABDB007834CB /* Frameworks */ = {
			isa = PBXFrameworksBuildPhase;
			buildActionMask = 2147483647;
			files = (
			);
			runOnlyForDeploymentPostprocessing = 0;
		};
		9995558F1B13ABDB007834CB /* Frameworks */ = {
			isa = PBXFrameworksBuildPhase;
			buildActionMask = 2147483647;
			files = (
			);
			runOnlyForDeploymentPostprocessing = 0;
		};
/* End PBXFrameworksBuildPhase section */

/* Begin PBXGroup section */
		999555741B13ABDB007834CB = {
			isa = PBXGroup;
			children = (
				9995557F1B13ABDB007834CB /* AdaptiveWeather */,
				999555951B13ABDB007834CB /* AdaptiveWeatherTests */,
				9995557E1B13ABDB007834CB /* Products */,
			);
			sourceTree = "<group>";
		};
		9995557E1B13ABDB007834CB /* Products */ = {
			isa = PBXGroup;
			children = (
				9995557D1B13ABDB007834CB /* AdaptiveWeather.app */,
				999555921B13ABDB007834CB /* AdaptiveWeatherTests.xctest */,
			);
			name = Products;
			sourceTree = "<group>";
		};
		9995557F1B13ABDB007834CB /* AdaptiveWeather */ = {
			isa = PBXGroup;
			children = (
				999555821B13ABDB007834CB /* AppDelegate.swift */,
				999555841B13ABDB007834CB /* ViewController.swift */,
				999555861B13ABDB007834CB /* Main.storyboard */,
				999555891B13ABDB007834CB /* Images.xcassets */,
				9995558B1B13ABDB007834CB /* LaunchScreen.xib */,
				999555801B13ABDB007834CB /* Supporting Files */,
			);
			path = AdaptiveWeather;
			sourceTree = "<group>";
		};
		999555801B13ABDB007834CB /* Supporting Files */ = {
			isa = PBXGroup;
			children = (
				999555811B13ABDB007834CB /* Info.plist */,
			);
			name = "Supporting Files";
			sourceTree = "<group>";
		};
		999555951B13ABDB007834CB /* AdaptiveWeatherTests */ = {
			isa = PBXGroup;
			children = (
				999555981B13ABDB007834CB /* AdaptiveWeatherTests.swift */,
				999555961B13ABDB007834CB /* Supporting Files */,
			);
			path = AdaptiveWeatherTests;
			sourceTree = "<group>";
		};
		999555961B13ABDB007834CB /* Supporting Files */ = {
			isa = PBXGroup;
			children = (
				999555971B13ABDB007834CB /* Info.plist */,
			);
			name = "Supporting Files";
			sourceTree = "<group>";
		};
/* End PBXGroup section */

/* Begin PBXNativeTarget section */
		9995557C1B13ABDB007834CB /* AdaptiveWeather */ = {
			isa = PBXNativeTarget;
			buildConfigurationList = 9995559C1B13ABDB007834CB /* Build configuration list for PBXNativeTarget "AdaptiveWeather" */;
			buildPhases = (
				999555791B13ABDB007834CB /* Sources */,
				9995557A1B13ABDB007834CB /* Frameworks */,
				9995557B1B13ABDB007834CB /* Resources */,
			);
			buildRules = (
			);
			dependencies = (
			);
			name = AdaptiveWeather;
			productName = AdaptiveWeather;
			productReference = 9995557D1B13ABDB007834CB /* AdaptiveWeather.app */;
			productType = "com.apple.product-type.application";
		};
		999555911B13ABDB007834CB /* AdaptiveWeatherTests */ = {
			isa = PBXNativeTarget;
			buildConfigurationList = 9995559F1B13ABDB007834CB /* Build configuration list for PBXNativeTarget "AdaptiveWeatherTests" */;
			buildPhases = (
				9995558E1B13ABDB007834CB /* Sources */,
				9995558F1B13ABDB007834CB /* Frameworks */,
				999555901B13ABDB007834CB /* Resources */,
			);
			buildRules = (
			);
			dependencies = (
				999555941B13ABDB007834CB /* PBXTargetDependency */,
			);
			name = AdaptiveWeatherTests;
			productName = AdaptiveWeatherTests;
			productReference = 999555921B13ABDB007834CB /* AdaptiveWeatherTests.xctest */;
			productType = "com.apple.product-type.bundle.unit-test";
		};
/* End PBXNativeTarget section */

/* Begin PBXProject section */
		999555751B13ABDB007834CB /* Project object */ = {
			isa = PBXProject;
			attributes = {
				LastUpgradeCheck = 0630;
				ORGANIZATIONNAME = "Digital Javelina, LLC";
				TargetAttributes = {
					9995557C1B13ABDB007834CB = {
						CreatedOnToolsVersion = 6.3.2;
					};
					999555911B13ABDB007834CB = {
						CreatedOnToolsVersion = 6.3.2;
						TestTargetID = 9995557C1B13ABDB007834CB;
					};
				};
			};
			buildConfigurationList = 999555781B13ABDB007834CB /* Build configuration list for PBXProject "AdaptiveWeather" */;
			compatibilityVersion = "Xcode 3.2";
			developmentRegion = English;
			hasScannedForEncodings = 0;
			knownRegions = (
				en,
				Base,
			);
			mainGroup = 999555741B13ABDB007834CB;
			productRefGroup = 9995557E1B13ABDB007834CB /* Products */;
			projectDirPath = "";
			projectRoot = "";
			targets = (
				9995557C1B13ABDB007834CB /* AdaptiveWeather */,
				999555911B13ABDB007834CB /* AdaptiveWeatherTests */,
			);
		};
/* End PBXProject section */

/* Begin PBXResourcesBuildPhase section */
		9995557B1B13ABDB007834CB /* Resources */ = {
			isa = PBXResourcesBuildPhase;
			buildActionMask = 2147483647;
			files = (
				999555881B13ABDB007834CB /* Main.storyboard in Resources */,
				9995558D1B13ABDB007834CB /* LaunchScreen.xib in Resources */,
				9995558A1B13ABDB007834CB /* Images.xcassets in Resources */,
			);
			runOnlyForDeploymentPostprocessing = 0;
		};
		999555901B13ABDB007834CB /* Resources */ = {
			isa = PBXResourcesBuildPhase;
			buildActionMask = 2147483647;
			files = (
			);
			runOnlyForDeploymentPostprocessing = 0;
		};
/* End PBXResourcesBuildPhase section */

/* Begin PBXSourcesBuildPhase section */
		999555791B13ABDB007834CB /* Sources */ = {
			isa = PBXSourcesBuildPhase;
			buildActionMask = 2147483647;
			files = (
				999555851B13ABDB007834CB /* ViewController.swift in Sources */,
				999555831B13ABDB007834CB /* AppDelegate.swift in Sources */,
			);
			runOnlyForDeploymentPostprocessing = 0;
		};
		9995558E1B13ABDB007834CB /* Sources */ = {
			isa = PBXSourcesBuildPhase;
			buildActionMask = 2147483647;
			files = (
				999555991B13ABDB007834CB /* AdaptiveWeatherTests.swift in Sources */,
			);
			runOnlyForDeploymentPostprocessing = 0;
		};
/* End PBXSourcesBuildPhase section */

/* Begin PBXTargetDependency section */
		999555941B13ABDB007834CB /* PBXTargetDependency */ = {
			isa = PBXTargetDependency;
			target = 9995557C1B13ABDB007834CB /* AdaptiveWeather */;
			targetProxy = 999555931B13ABDB007834CB /* PBXContainerItemProxy */;
		};
/* End PBXTargetDependency section */

/* Begin PBXVariantGroup section */
		999555861B13ABDB007834CB /* Main.storyboard */ = {
			isa = PBXVariantGroup;
			children = (
				999555871B13ABDB007834CB /* Base */,
			);
			name = Main.storyboard;
			sourceTree = "<group>";
		};
		9995558B1B13ABDB007834CB /* LaunchScreen.xib */ = {
			isa = PBXVariantGroup;
			children = (
				9995558C1B13ABDB007834CB /* Base */,
			);
			name = LaunchScreen.xib;
			sourceTree = "<group>";
		};
/* End PBXVariantGroup section */

/* Begin XCBuildConfiguration section */
		9995559A1B13ABDB007834CB /* Debug */ = {
			isa = XCBuildConfiguration;
			buildSettings = {
				ALWAYS_SEARCH_USER_PATHS = NO;
				CLANG_CXX_LANGUAGE_STANDARD = "gnu++0x";
				CLANG_CXX_LIBRARY = "libc++";
				CLANG_ENABLE_MODULES = YES;
				CLANG_ENABLE_OBJC_ARC = YES;
				CLANG_WARN_BOOL_CONVERSION = YES;
				CLANG_WARN_CONSTANT_CONVERSION = YES;
				CLANG_WARN_DIRECT_OBJC_ISA_USAGE = YES_ERROR;
				CLANG_WARN_EMPTY_BODY = YES;
				CLANG_WARN_ENUM_CONVERSION = YES;
				CLANG_WARN_INT_CONVERSION = YES;
				CLANG_WARN_OBJC_ROOT_CLASS = YES_ERROR;
				CLANG_WARN_UNREACHABLE_CODE = YES;
				CLANG_WARN__DUPLICATE_METHOD_MATCH = YES;
				"CODE_SIGN_IDENTITY[sdk=iphoneos*]" = "iPhone Developer";
				COPY_PHASE_STRIP = NO;
				DEBUG_INFORMATION_FORMAT = "dwarf-with-dsym";
				ENABLE_STRICT_OBJC_MSGSEND = YES;
				GCC_C_LANGUAGE_STANDARD = gnu99;
				GCC_DYNAMIC_NO_PIC = NO;
				GCC_NO_COMMON_BLOCKS = YES;
				GCC_OPTIMIZATION_LEVEL = 0;
				GCC_PREPROCESSOR_DEFINITIONS = (
					"DEBUG=1",
					"$(inherited)",
				);
				GCC_SYMBOLS_PRIVATE_EXTERN = NO;
				GCC_WARN_64_TO_32_BIT_CONVERSION = YES;
				GCC_WARN_ABOUT_RETURN_TYPE = YES_ERROR;
				GCC_WARN_UNDECLARED_SELECTOR = YES;
				GCC_WARN_UNINITIALIZED_AUTOS = YES_AGGRESSIVE;
				GCC_WARN_UNUSED_FUNCTION = YES;
				GCC_WARN_UNUSED_VARIABLE = YES;
				IPHONEOS_DEPLOYMENT_TARGET = 8.3;
				MTL_ENABLE_DEBUG_INFO = YES;
				ONLY_ACTIVE_ARCH = YES;
				SDKROOT = iphoneos;
				SWIFT_OPTIMIZATION_LEVEL = "-Onone";
				TARGETED_DEVICE_FAMILY = "1,2";
			};
			name = Debug;
		};
		9995559B1B13ABDB007834CB /* Release */ = {
			isa = XCBuildConfiguration;
			buildSettings = {
				ALWAYS_SEARCH_USER_PATHS = NO;
				CLANG_CXX_LANGUAGE_STANDARD = "gnu++0x";
				CLANG_CXX_LIBRARY = "libc++";
				CLANG_ENABLE_MODULES = YES;
				CLANG_ENABLE_OBJC_ARC = YES;
				CLANG_WARN_BOOL_CONVERSION = YES;
				CLANG_WARN_CONSTANT_CONVERSION = YES;
				CLANG_WARN_DIRECT_OBJC_ISA_USAGE = YES_ERROR;
				CLANG_WARN_EMPTY_BODY = YES;
				CLANG_WARN_ENUM_CONVERSION = YES;
				CLANG_WARN_INT_CONVERSION = YES;
				CLANG_WARN_OBJC_ROOT_CLASS = YES_ERROR;
				CLANG_WARN_UNREACHABLE_CODE = YES;
				CLANG_WARN__DUPLICATE_METHOD_MATCH = YES;
				"CODE_SIGN_IDENTITY[sdk=iphoneos*]" = "iPhone Developer";
				COPY_PHASE_STRIP = NO;
				DEBUG_INFORMATION_FORMAT = "dwarf-with-dsym";
				ENABLE_NS_ASSERTIONS = NO;
				ENABLE_STRICT_OBJC_MSGSEND = YES;
				GCC_C_LANGUAGE_STANDARD = gnu99;
				GCC_NO_COMMON_BLOCKS = YES;
				GCC_WARN_64_TO_32_BIT_CONVERSION = YES;
				GCC_WARN_ABOUT_RETURN_TYPE = YES_ERROR;
				GCC_WARN_UNDECLARED_SELECTOR = YES;
				GCC_WARN_UNINITIALIZED_AUTOS = YES_AGGRESSIVE;
				GCC_WARN_UNUSED_FUNCTION = YES;
				GCC_WARN_UNUSED_VARIABLE = YES;
				IPHONEOS_DEPLOYMENT_TARGET = 8.3;
				MTL_ENABLE_DEBUG_INFO = NO;
				SDKROOT = iphoneos;
				TARGETED_DEVICE_FAMILY = "1,2";
				VALIDATE_PRODUCT = YES;
			};
			name = Release;
		};
		9995559D1B13ABDB007834CB /* Debug */ = {
			isa = XCBuildConfiguration;
			buildSettings = {
				ASSETCATALOG_COMPILER_APPICON_NAME = AppIcon;
				INFOPLIST_FILE = AdaptiveWeather/Info.plist;
				LD_RUNPATH_SEARCH_PATHS = "$(inherited) @executable_path/Frameworks";
				PRODUCT_NAME = "$(TARGET_NAME)";
			};
			name = Debug;
		};
		9995559E1B13ABDB007834CB /* Release */ = {
			isa = XCBuildConfiguration;
			buildSettings = {
				ASSETCATALOG_COMPILER_APPICON_NAME = AppIcon;
				INFOPLIST_FILE = AdaptiveWeather/Info.plist;
				LD_RUNPATH_SEARCH_PATHS = "$(inherited) @executable_path/Frameworks";
				PRODUCT_NAME = "$(TARGET_NAME)";
			};
			name = Release;
		};
		999555A01B13ABDB007834CB /* Debug */ = {
			isa = XCBuildConfiguration;
			buildSettings = {
				BUNDLE_LOADER = "$(TEST_HOST)";
				FRAMEWORK_SEARCH_PATHS = (
					"$(SDKROOT)/Developer/Library/Frameworks",
					"$(inherited)",
				);
				GCC_PREPROCESSOR_DEFINITIONS = (
					"DEBUG=1",
					"$(inherited)",
				);
				INFOPLIST_FILE = AdaptiveWeatherTests/Info.plist;
				LD_RUNPATH_SEARCH_PATHS = "$(inherited) @executable_path/Frameworks @loader_path/Frameworks";
				PRODUCT_NAME = "$(TARGET_NAME)";
				TEST_HOST = "$(BUILT_PRODUCTS_DIR)/AdaptiveWeather.app/AdaptiveWeather";
			};
			name = Debug;
		};
		999555A11B13ABDB007834CB /* Release */ = {
			isa = XCBuildConfiguration;
			buildSettings = {
				BUNDLE_LOADER = "$(TEST_HOST)";
				FRAMEWORK_SEARCH_PATHS = (
					"$(SDKROOT)/Developer/Library/Frameworks",
					"$(inherited)",
				);
				INFOPLIST_FILE = AdaptiveWeatherTests/Info.plist;
				LD_RUNPATH_SEARCH_PATHS = "$(inherited) @executable_path/Frameworks @loader_path/Frameworks";
				PRODUCT_NAME = "$(TARGET_NAME)";
				TEST_HOST = "$(BUILT_PRODUCTS_DIR)/AdaptiveWeather.app/AdaptiveWeather";
			};
			name = Release;
		};
/* End XCBuildConfiguration section */

/* Begin XCConfigurationList section */
		999555781B13ABDB007834CB /* Build configuration list for PBXProject "AdaptiveWeather" */ = {
			isa = XCConfigurationList;
			buildConfigurations = (
				9995559A1B13ABDB007834CB /* Debug */,
				9995559B1B13ABDB007834CB /* Release */,
			);
			defaultConfigurationIsVisible = 0;
			defaultConfigurationName = Release;
		};
		9995559C1B13ABDB007834CB /* Build configuration list for PBXNativeTarget "AdaptiveWeather" */ = {
			isa = XCConfigurationList;
			buildConfigurations = (
				9995559D1B13ABDB007834CB /* Debug */,
				9995559E1B13ABDB007834CB /* Release */,
			);
			defaultConfigurationIsVisible = 0;
		};
		9995559F1B13ABDB007834CB /* Build configuration list for PBXNativeTarget "AdaptiveWeatherTests" */ = {
			isa = XCConfigurationList;
			buildConfigurations = (
				999555A01B13ABDB007834CB /* Debug */,
				999555A11B13ABDB007834CB /* Release */,
			);
			defaultConfigurationIsVisible = 0;
		};
/* End XCConfigurationList section */
	};
	rootObject = 999555751B13ABDB007834CB /* Project object */;
}
